
Microsoft Visual Studio Solution File, Format Version 12.00
# Visual Studio Version 17
VisualStudioVersion = 17.13.35931.197
MinimumVisualStudioVersion = 10.0.40219.1
Project("{FAE04EC0-301F-11D3-BF4B-00C04F79EFBC}") = "Timely.MarketingTest", "Timely.MarketingTest.csproj", "{88FE905B-37EE-DF95-068F-17DBC929F6EC}"
EndProject
Global
	GlobalSection(SolutionConfigurationPlatforms) = preSolution
		Debug|Any CPU = Debug|Any CPU
		Release|Any CPU = Release|Any CPU
	EndGlobalSection
	GlobalSection(ProjectConfigurationPlatforms) = postSolution
		{88FE905B-37EE-DF95-068F-17DBC929F6EC}.Debug|Any CPU.ActiveCfg = Debug|Any CPU
		{88FE905B-37EE-DF95-068F-17DBC929F6EC}.Debug|Any CPU.Build.0 = Debug|Any CPU
		{88FE905B-37EE-DF95-068F-17DBC929F6EC}.Release|Any CPU.ActiveCfg = Release|Any CPU
		{88FE905B-37EE-DF95-068F-17DBC929F6EC}.Release|Any CPU.Build.0 = Release|Any CPU
	EndGlobalSection
	GlobalSection(SolutionProperties) = preSolution
		HideSolutionNode = FALSE
	EndGlobalSection
	GlobalSection(ExtensibilityGlobals) = postSolution
		SolutionGuid = {5C116BD5-3737-4505-9D1B-E9ADAE705A25}
	EndGlobalSection
EndGlobal
